
Microsoft Visual Studio Solution File, Format Version 12.00
# Visual Studio Version 17
VisualStudioVersion = 17.11.35222.181
MinimumVisualStudioVersion = 10.0.40219.1
Project("{FAE04EC0-301F-11D3-BF4B-00C04F79EFBC}") = "HomePage1", "HomePage1\HomePage1.csproj", "{EB720DEB-24E7-4BE2-8498-EDC7558B514B}"
EndProject
Global
	GlobalSection(SolutionConfigurationPlatforms) = preSolution
		Debug|Any CPU = Debug|Any CPU
		Release|Any CPU = Release|Any CPU
	EndGlobalSection
	GlobalSection(ProjectConfigurationPlatforms) = postSolution
		{EB720DEB-24E7-4BE2-8498-EDC7558B514B}.Debug|Any CPU.ActiveCfg = Debug|Any CPU
		{EB720DEB-24E7-4BE2-8498-EDC7558B514B}.Debug|Any CPU.Build.0 = Debug|Any CPU
		{EB720DEB-24E7-4BE2-8498-EDC7558B514B}.Release|Any CPU.ActiveCfg = Release|Any CPU
		{EB720DEB-24E7-4BE2-8498-EDC7558B514B}.Release|Any CPU.Build.0 = Release|Any CPU
	EndGlobalSection
	GlobalSection(SolutionProperties) = preSolution
		HideSolutionNode = FALSE
	EndGlobalSection
	GlobalSection(ExtensibilityGlobals) = postSolution
		SolutionGuid = {88C74ABF-9819-472D-8BF5-7C854D27992A}
	EndGlobalSection
EndGlobal
